
Microsoft Visual Studio Solution File, Format Version 12.00
# Visual Studio 15
Project("{FAE04EC0-301F-11D3-BF4B-00C04F79EFBC}") = "TodoAPI-NetCore", "TodoAPI-NetCore\TodoAPI-NetCore.csproj", "{50624D95-87F5-441B-93C6-525C1BF5227F}"
EndProject
Global
	GlobalSection(SolutionConfigurationPlatforms) = preSolution
		Debug|Any CPU = Debug|Any CPU
		Release|Any CPU = Release|Any CPU
	EndGlobalSection
	GlobalSection(ProjectConfigurationPlatforms) = postSolution
		{50624D95-87F5-441B-93C6-525C1BF5227F}.Debug|Any CPU.ActiveCfg = Debug|Any CPU
		{50624D95-87F5-441B-93C6-525C1BF5227F}.Debug|Any CPU.Build.0 = Debug|Any CPU
		{50624D95-87F5-441B-93C6-525C1BF5227F}.Release|Any CPU.ActiveCfg = Release|Any CPU
		{50624D95-87F5-441B-93C6-525C1BF5227F}.Release|Any CPU.Build.0 = Release|Any CPU
	EndGlobalSection
EndGlobal
